
Microsoft Visual Studio Solution File, Format Version 12.00
# Visual Studio Version 17
VisualStudioVersion = 17.0.31903.59
MinimumVisualStudioVersion = 10.0.40219.1
Project("{9A19103F-16F7-4668-BE54-9A1E7A4F7556}") = "ServicesCmp", "ServicesCmp\ServicesCmp.csproj", "{3EDBBA70-267F-4043-A1E7-AAE20E13529C}"
EndProject
Project("{FAE04EC0-301F-11D3-BF4B-00C04F79EFBC}") = "ServerAllInt", "ServerAllInt\ServerAllInt.csproj", "{96BE7F8A-323E-4A55-99BC-DD581E43E988}"
EndProject
Project("{FAE04EC0-301F-11D3-BF4B-00C04F79EFBC}") = "ServerCmpInt", "ServerCmpInt\ServerCmpInt.csproj", "{C1A85112-E3EE-46A8-A88D-84EA8DDAB84A}"
EndProject
Global
	GlobalSection(SolutionConfigurationPlatforms) = preSolution
		Debug|Any CPU = Debug|Any CPU
		Release|Any CPU = Release|Any CPU
	EndGlobalSection
	GlobalSection(ProjectConfigurationPlatforms) = postSolution
		{3EDBBA70-267F-4043-A1E7-AAE20E13529C}.Debug|Any CPU.ActiveCfg = Debug|Any CPU
		{3EDBBA70-267F-4043-A1E7-AAE20E13529C}.Debug|Any CPU.Build.0 = Debug|Any CPU
		{3EDBBA70-267F-4043-A1E7-AAE20E13529C}.Release|Any CPU.ActiveCfg = Release|Any CPU
		{3EDBBA70-267F-4043-A1E7-AAE20E13529C}.Release|Any CPU.Build.0 = Release|Any CPU
		{96BE7F8A-323E-4A55-99BC-DD581E43E988}.Debug|Any CPU.ActiveCfg = Debug|Any CPU
		{96BE7F8A-323E-4A55-99BC-DD581E43E988}.Debug|Any CPU.Build.0 = Debug|Any CPU
		{96BE7F8A-323E-4A55-99BC-DD581E43E988}.Release|Any CPU.ActiveCfg = Release|Any CPU
		{96BE7F8A-323E-4A55-99BC-DD581E43E988}.Release|Any CPU.Build.0 = Release|Any CPU
		{C1A85112-E3EE-46A8-A88D-84EA8DDAB84A}.Debug|Any CPU.ActiveCfg = Debug|Any CPU
		{C1A85112-E3EE-46A8-A88D-84EA8DDAB84A}.Debug|Any CPU.Build.0 = Debug|Any CPU
		{C1A85112-E3EE-46A8-A88D-84EA8DDAB84A}.Release|Any CPU.ActiveCfg = Release|Any CPU
		{C1A85112-E3EE-46A8-A88D-84EA8DDAB84A}.Release|Any CPU.Build.0 = Release|Any CPU
	EndGlobalSection
	GlobalSection(SolutionProperties) = preSolution
		HideSolutionNode = FALSE
	EndGlobalSection
	GlobalSection(ExtensibilityGlobals) = postSolution
		SolutionGuid = {5B6C0922-8720-4CB9-A7BA-9EF6F2439490}
	EndGlobalSection
EndGlobal
